
Microsoft Visual Studio Solution File, Format Version 12.00
# Visual Studio Version 17
VisualStudioVersion = 17.11.35219.272
MinimumVisualStudioVersion = 10.0.40219.1
Project("{FAE04EC0-301F-11D3-BF4B-00C04F79EFBC}") = "Evaluacion", "Evaluacion\Evaluacion.csproj", "{BA2B72BF-EDAE-4622-8A1F-633711732281}"
EndProject
Global
	GlobalSection(SolutionConfigurationPlatforms) = preSolution
		Debug|Any CPU = Debug|Any CPU
		Release|Any CPU = Release|Any CPU
	EndGlobalSection
	GlobalSection(ProjectConfigurationPlatforms) = postSolution
		{BA2B72BF-EDAE-4622-8A1F-633711732281}.Debug|Any CPU.ActiveCfg = Debug|Any CPU
		{BA2B72BF-EDAE-4622-8A1F-633711732281}.Debug|Any CPU.Build.0 = Debug|Any CPU
		{BA2B72BF-EDAE-4622-8A1F-633711732281}.Release|Any CPU.ActiveCfg = Release|Any CPU
		{BA2B72BF-EDAE-4622-8A1F-633711732281}.Release|Any CPU.Build.0 = Release|Any CPU
	EndGlobalSection
	GlobalSection(SolutionProperties) = preSolution
		HideSolutionNode = FALSE
	EndGlobalSection
	GlobalSection(ExtensibilityGlobals) = postSolution
		SolutionGuid = {3260F252-6B8B-429A-A787-B100C6E900BE}
	EndGlobalSection
EndGlobal
